
Microsoft Visual Studio Solution File, Format Version 12.00
# Blend for Visual Studio Version 17
VisualStudioVersion = 17.2.32516.85
MinimumVisualStudioVersion = 10.0.40219.1
Project("{FAE04EC0-301F-11D3-BF4B-00C04F79EFBC}") = "Trivia-GUI", "Trivia-GUI\Trivia-GUI.csproj", "{9F2E45DA-0953-465D-8C71-DF8C385B86DF}"
EndProject
Global
	GlobalSection(SolutionConfigurationPlatforms) = preSolution
		Debug|Any CPU = Debug|Any CPU
		Release|Any CPU = Release|Any CPU
	EndGlobalSection
	GlobalSection(ProjectConfigurationPlatforms) = postSolution
		{9F2E45DA-0953-465D-8C71-DF8C385B86DF}.Debug|Any CPU.ActiveCfg = Debug|Any CPU
		{9F2E45DA-0953-465D-8C71-DF8C385B86DF}.Debug|Any CPU.Build.0 = Debug|Any CPU
		{9F2E45DA-0953-465D-8C71-DF8C385B86DF}.Release|Any CPU.ActiveCfg = Release|Any CPU
		{9F2E45DA-0953-465D-8C71-DF8C385B86DF}.Release|Any CPU.Build.0 = Release|Any CPU
	EndGlobalSection
	GlobalSection(SolutionProperties) = preSolution
		HideSolutionNode = FALSE
	EndGlobalSection
	GlobalSection(ExtensibilityGlobals) = postSolution
		SolutionGuid = {B769EFE6-42A1-4E35-87E1-23D1D35E5FAA}
	EndGlobalSection
EndGlobal
